// !$*UTF8*$!
{
	archiveVersion = 1;
	classes = {
	};
	objectVersion = 50;
	objects = {

/* Begin PBXBuildFile section */
		5224FE9323DA462800A5EDFE /* AppDelegate.swift in Sources */ = {isa = PBXBuildFile; fileRef = 5224FE9223DA462800A5EDFE /* AppDelegate.swift */; };
		5224FE9523DA462800A5EDFE /* SceneDelegate.swift in Sources */ = {isa = PBXBuildFile; fileRef = 5224FE9423DA462800A5EDFE /* SceneDelegate.swift */; };
		5224FE9723DA462800A5EDFE /* ViewController.swift in Sources */ = {isa = PBXBuildFile; fileRef = 5224FE9623DA462800A5EDFE /* ViewController.swift */; };
		5224FE9A23DA462800A5EDFE /* Main.storyboard in Resources */ = {isa = PBXBuildFile; fileRef = 5224FE9823DA462800A5EDFE /* Main.storyboard */; };
		5224FE9C23DA462E00A5EDFE /* Assets.xcassets in Resources */ = {isa = PBXBuildFile; fileRef = 5224FE9B23DA462E00A5EDFE /* Assets.xcassets */; };
		5224FE9F23DA462E00A5EDFE /* LaunchScreen.storyboard in Resources */ = {isa = PBXBuildFile; fileRef = 5224FE9D23DA462E00A5EDFE /* LaunchScreen.storyboard */; };
/* End PBXBuildFile section */

/* Begin PBXFileReference section */
		5224FE8F23DA462800A5EDFE /* Pursuit-Core-iOS-PhotoJournal-Assignment.app */ = {isa = PBXFileReference; explicitFileType = wrapper.application; includeInIndex = 0; path = "Pursuit-Core-iOS-PhotoJournal-Assignment.app"; sourceTree = BUILT_PRODUCTS_DIR; };
		5224FE9223DA462800A5EDFE /* AppDelegate.swift */ = {isa = PBXFileReference; lastKnownFileType = sourcecode.swift; path = AppDelegate.swift; sourceTree = "<group>"; };
		5224FE9423DA462800A5EDFE /* SceneDelegate.swift */ = {isa = PBXFileReference; lastKnownFileType = sourcecode.swift; path = SceneDelegate.swift; sourceTree = "<group>"; };
		5224FE9623DA462800A5EDFE /* ViewController.swift */ = {isa = PBXFileReference; lastKnownFileType = sourcecode.swift; path = ViewController.swift; sourceTree = "<group>"; };
		5224FE9923DA462800A5EDFE /* Base */ = {isa = PBXFileReference; lastKnownFileType = file.storyboard; name = Base; path = Base.lproj/Main.storyboard; sourceTree = "<group>"; };
		5224FE9B23DA462E00A5EDFE /* Assets.xcassets */ = {isa = PBXFileReference; lastKnownFileType = folder.assetcatalog; path = Assets.xcassets; sourceTree = "<group>"; };
		5224FE9E23DA462E00A5EDFE /* Base */ = {isa = PBXFileReference; lastKnownFileType = file.storyboard; name = Base; path = Base.lproj/LaunchScreen.storyboard; sourceTree = "<group>"; };
		5224FEA023DA462E00A5EDFE /* Info.plist */ = {isa = PBXFileReference; lastKnownFileType = text.plist.xml; path = Info.plist; sourceTree = "<group>"; };
/* End PBXFileReference section */

/* Begin PBXFrameworksBuildPhase section */
		5224FE8C23DA462800A5EDFE /* Frameworks */ = {
			isa = PBXFrameworksBuildPhase;
			buildActionMask = 2147483647;
			files = (
			);
			runOnlyForDeploymentPostprocessing = 0;
		};
/* End PBXFrameworksBuildPhase section */

/* Begin PBXGroup section */
		5224FE8623DA462800A5EDFE = {
			isa = PBXGroup;
			children = (
				5224FE9123DA462800A5EDFE /* Pursuit-Core-iOS-PhotoJournal-Assignment */,
				5224FE9023DA462800A5EDFE /* Products */,
			);
			sourceTree = "<group>";
		};
		5224FE9023DA462800A5EDFE /* Products */ = {
			isa = PBXGroup;
			children = (
				5224FE8F23DA462800A5EDFE /* Pursuit-Core-iOS-PhotoJournal-Assignment.app */,
			);
			name = Products;
			sourceTree = "<group>";
		};
		5224FE9123DA462800A5EDFE /* Pursuit-Core-iOS-PhotoJournal-Assignment */ = {
			isa = PBXGroup;
			children = (
				5224FE9223DA462800A5EDFE /* AppDelegate.swift */,
				5224FE9423DA462800A5EDFE /* SceneDelegate.swift */,
				5224FE9623DA462800A5EDFE /* ViewController.swift */,
				5224FE9823DA462800A5EDFE /* Main.storyboard */,
				5224FE9B23DA462E00A5EDFE /* Assets.xcassets */,
				5224FE9D23DA462E00A5EDFE /* LaunchScreen.storyboard */,
				5224FEA023DA462E00A5EDFE /* Info.plist */,
			);
			path = "Pursuit-Core-iOS-PhotoJournal-Assignment";
			sourceTree = "<group>";
		};
/* End PBXGroup section */

/* Begin PBXNativeTarget section */
		5224FE8E23DA462800A5EDFE /* Pursuit-Core-iOS-PhotoJournal-Assignment */ = {
			isa = PBXNativeTarget;
			buildConfigurationList = 5224FEA323DA462E00A5EDFE /* Build configuration list for PBXNativeTarget "Pursuit-Core-iOS-PhotoJournal-Assignment" */;
			buildPhases = (
				5224FE8B23DA462800A5EDFE /* Sources */,
				5224FE8C23DA462800A5EDFE /* Frameworks */,
				5224FE8D23DA462800A5EDFE /* Resources */,
			);
			buildRules = (
			);
			dependencies = (
			);
			name = "Pursuit-Core-iOS-PhotoJournal-Assignment";
			productName = "Pursuit-Core-iOS-PhotoJournal-Assignment";
			productReference = 5224FE8F23DA462800A5EDFE /* Pursuit-Core-iOS-PhotoJournal-Assignment.app */;
			productType = "com.apple.product-type.application";
		};
/* End PBXNativeTarget section */

/* Begin PBXProject section */
		5224FE8723DA462800A5EDFE /* Project object */ = {
			isa = PBXProject;
			attributes = {
				LastSwiftUpdateCheck = 1130;
				LastUpgradeCheck = 1130;
				ORGANIZATIONNAME = "Tsering Lama";
				TargetAttributes = {
					5224FE8E23DA462800A5EDFE = {
						CreatedOnToolsVersion = 11.3.1;
					};
				};
			};
			buildConfigurationList = 5224FE8A23DA462800A5EDFE /* Build configuration list for PBXProject "Pursuit-Core-iOS-PhotoJournal-Assignment" */;
			compatibilityVersion = "Xcode 9.3";
			developmentRegion = en;
			hasScannedForEncodings = 0;
			knownRegions = (
				en,
				Base,
			);
			mainGroup = 5224FE8623DA462800A5EDFE;
			productRefGroup = 5224FE9023DA462800A5EDFE /* Products */;
			projectDirPath = "";
			projectRoot = "";
			targets = (
				5224FE8E23DA462800A5EDFE /* Pursuit-Core-iOS-PhotoJournal-Assignment */,
			);
		};
/* End PBXProject section */

/* Begin PBXResourcesBuildPhase section */
		5224FE8D23DA462800A5EDFE /* Resources */ = {
			isa = PBXResourcesBuildPhase;
			buildActionMask = 2147483647;
			files = (
				5224FE9F23DA462E00A5EDFE /* LaunchScreen.storyboard in Resources */,
				5224FE9C23DA462E00A5EDFE /* Assets.xcassets in Resources */,
				5224FE9A23DA462800A5EDFE /* Main.storyboard in Resources */,
			);
			runOnlyForDeploymentPostprocessing = 0;
		};
/* End PBXResourcesBuildPhase section */

/* Begin PBXSourcesBuildPhase section */
		5224FE8B23DA462800A5EDFE /* Sources */ = {
			isa = PBXSourcesBuildPhase;
			buildActionMask = 2147483647;
			files = (
				5224FE9723DA462800A5EDFE /* ViewController.swift in Sources */,
				5224FE9323DA462800A5EDFE /* AppDelegate.swift in Sources */,
				5224FE9523DA462800A5EDFE /* SceneDelegate.swift in Sources */,
			);
			runOnlyForDeploymentPostprocessing = 0;
		};
/* End PBXSourcesBuildPhase section */

/* Begin PBXVariantGroup section */
		5224FE9823DA462800A5EDFE /* Main.storyboard */ = {
			isa = PBXVariantGroup;
			children = (
				5224FE9923DA462800A5EDFE /* Base */,
			);
			name = Main.storyboard;
			sourceTree = "<group>";
		};
		5224FE9D23DA462E00A5EDFE /* LaunchScreen.storyboard */ = {
			isa = PBXVariantGroup;
			children = (
				5224FE9E23DA462E00A5EDFE /* Base */,
			);
			name = LaunchScreen.storyboard;
			sourceTree = "<group>";
		};
/* End PBXVariantGroup section */

/* Begin XCBuildConfiguration section */
		5224FEA123DA462E00A5EDFE /* Debug */ = {
			isa = XCBuildConfiguration;
			buildSettings = {
				ALWAYS_SEARCH_USER_PATHS = NO;
				CLANG_ANALYZER_NONNULL = YES;
				CLANG_ANALYZER_NUMBER_OBJECT_CONVERSION = YES_AGGRESSIVE;
				CLANG_CXX_LANGUAGE_STANDARD = "gnu++14";
				CLANG_CXX_LIBRARY = "libc++";
				CLANG_ENABLE_MODULES = YES;
				CLANG_ENABLE_OBJC_ARC = YES;
				CLANG_ENABLE_OBJC_WEAK = YES;
				CLANG_WARN_BLOCK_CAPTURE_AUTORELEASING = YES;
				CLANG_WARN_BOOL_CONVERSION = YES;
				CLANG_WARN_COMMA = YES;
				CLANG_WARN_CONSTANT_CONVERSION = YES;
				CLANG_WARN_DEPRECATED_OBJC_IMPLEMENTATIONS = YES;
				CLANG_WARN_DIRECT_OBJC_ISA_USAGE = YES_ERROR;
				CLANG_WARN_DOCUMENTATION_COMMENTS = YES;
				CLANG_WARN_EMPTY_BODY = YES;
				CLANG_WARN_ENUM_CONVERSION = YES;
				CLANG_WARN_INFINITE_RECURSION = YES;
				CLANG_WARN_INT_CONVERSION = YES;
				CLANG_WARN_NON_LITERAL_NULL_CONVERSION = YES;
				CLANG_WARN_OBJC_IMPLICIT_RETAIN_SELF = YES;
				CLANG_WARN_OBJC_LITERAL_CONVERSION = YES;
				CLANG_WARN_OBJC_ROOT_CLASS = YES_ERROR;
				CLANG_WARN_RANGE_LOOP_ANALYSIS = YES;
				CLANG_WARN_STRICT_PROTOTYPES = YES;
				CLANG_WARN_SUSPICIOUS_MOVE = YES;
				CLANG_WARN_UNGUARDED_AVAILABILITY = YES_AGGRESSIVE;
				CLANG_WARN_UNREACHABLE_CODE = YES;
				CLANG_WARN__DUPLICATE_METHOD_MATCH = YES;
				COPY_PHASE_STRIP = NO;
				DEBUG_INFORMATION_FORMAT = dwarf;
				ENABLE_STRICT_OBJC_MSGSEND = YES;
				ENABLE_TESTABILITY = YES;
				GCC_C_LANGUAGE_STANDARD = gnu11;
				GCC_DYNAMIC_NO_PIC = NO;
				GCC_NO_COMMON_BLOCKS = YES;
				GCC_OPTIMIZATION_LEVEL = 0;
				GCC_PREPROCESSOR_DEFINITIONS = (
					"DEBUG=1",
					"$(inherited)",
				);
				GCC_WARN_64_TO_32_BIT_CONVERSION = YES;
				GCC_WARN_ABOUT_RETURN_TYPE = YES_ERROR;
				GCC_WARN_UNDECLARED_SELECTOR = YES;
				GCC_WARN_UNINITIALIZED_AUTOS = YES_AGGRESSIVE;
				GCC_WARN_UNUSED_FUNCTION = YES;
				GCC_WARN_UNUSED_VARIABLE = YES;
				IPHONEOS_DEPLOYMENT_TARGET = 13.2;
				MTL_ENABLE_DEBUG_INFO = INCLUDE_SOURCE;
				MTL_FAST_MATH = YES;
				ONLY_ACTIVE_ARCH = YES;
				SDKROOT = iphoneos;
				SWIFT_ACTIVE_COMPILATION_CONDITIONS = DEBUG;
				SWIFT_OPTIMIZATION_LEVEL = "-Onone";
			};
			name = Debug;
		};
		5224FEA223DA462E00A5EDFE /* Release */ = {
			isa = XCBuildConfiguration;
			buildSettings = {
				ALWAYS_SEARCH_USER_PATHS = NO;
				CLANG_ANALYZER_NONNULL = YES;
				CLANG_ANALYZER_NUMBER_OBJECT_CONVERSION = YES_AGGRESSIVE;
				CLANG_CXX_LANGUAGE_STANDARD = "gnu++14";
				CLANG_CXX_LIBRARY = "libc++";
				CLANG_ENABLE_MODULES = YES;
				CLANG_ENABLE_OBJC_ARC = YES;
				CLANG_ENABLE_OBJC_WEAK = YES;
				CLANG_WARN_BLOCK_CAPTURE_AUTORELEASING = YES;
				CLANG_WARN_BOOL_CONVERSION = YES;
				CLANG_WARN_COMMA = YES;
				CLANG_WARN_CONSTANT_CONVERSION = YES;
				CLANG_WARN_DEPRECATED_OBJC_IMPLEMENTATIONS = YES;
				CLANG_WARN_DIRECT_OBJC_ISA_USAGE = YES_ERROR;
				CLANG_WARN_DOCUMENTATION_COMMENTS = YES;
				CLANG_WARN_EMPTY_BODY = YES;
				CLANG_WARN_ENUM_CONVERSION = YES;
				CLANG_WARN_INFINITE_RECURSION = YES;
				CLANG_WARN_INT_CONVERSION = YES;
				CLANG_WARN_NON_LITERAL_NULL_CONVERSION = YES;
				CLANG_WARN_OBJC_IMPLICIT_RETAIN_SELF = YES;
				CLANG_WARN_OBJC_LITERAL_CONVERSION = YES;
				CLANG_WARN_OBJC_ROOT_CLASS = YES_ERROR;
				CLANG_WARN_RANGE_LOOP_ANALYSIS = YES;
				CLANG_WARN_STRICT_PROTOTYPES = YES;
				CLANG_WARN_SUSPICIOUS_MOVE = YES;
				CLANG_WARN_UNGUARDED_AVAILABILITY = YES_AGGRESSIVE;
				CLANG_WARN_UNREACHABLE_CODE = YES;
				CLANG_WARN__DUPLICATE_METHOD_MATCH = YES;
				COPY_PHASE_STRIP = NO;
				DEBUG_INFORMATION_FORMAT = "dwarf-with-dsym";
				ENABLE_NS_ASSERTIONS = NO;
				ENABLE_STRICT_OBJC_MSGSEND = YES;
				GCC_C_LANGUAGE_STANDARD = gnu11;
				GCC_NO_COMMON_BLOCKS = YES;
				GCC_WARN_64_TO_32_BIT_CONVERSION = YES;
				GCC_WARN_ABOUT_RETURN_TYPE = YES_ERROR;
				GCC_WARN_UNDECLARED_SELECTOR = YES;
				GCC_WARN_UNINITIALIZED_AUTOS = YES_AGGRESSIVE;
				GCC_WARN_UNUSED_FUNCTION = YES;
				GCC_WARN_UNUSED_VARIABLE = YES;
				IPHONEOS_DEPLOYMENT_TARGET = 13.2;
				MTL_ENABLE_DEBUG_INFO = NO;
				MTL_FAST_MATH = YES;
				SDKROOT = iphoneos;
				SWIFT_COMPILATION_MODE = wholemodule;
				SWIFT_OPTIMIZATION_LEVEL = "-O";
				VALIDATE_PRODUCT = YES;
			};
			name = Release;
		};
		5224FEA423DA462E00A5EDFE /* Debug */ = {
			isa = XCBuildConfiguration;
			buildSettings = {
				ASSETCATALOG_COMPILER_APPICON_NAME = AppIcon;
				CODE_SIGN_STYLE = Automatic;
				DEVELOPMENT_TEAM = 83DYP84L8W;
				INFOPLIST_FILE = "Pursuit-Core-iOS-PhotoJournal-Assignment/Info.plist";
				LD_RUNPATH_SEARCH_PATHS = (
					"$(inherited)",
					"@executable_path/Frameworks",
				);
				PRODUCT_BUNDLE_IDENTIFIER = "org.pursuit.Pursuit-Core-iOS-PhotoJournal-Assignment";
				PRODUCT_NAME = "$(TARGET_NAME)";
				SWIFT_VERSION = 5.0;
				TARGETED_DEVICE_FAMILY = "1,2";
			};
			name = Debug;
		};
		5224FEA523DA462E00A5EDFE /* Release */ = {
			isa = XCBuildConfiguration;
			buildSettings = {
				ASSETCATALOG_COMPILER_APPICON_NAME = AppIcon;
				CODE_SIGN_STYLE = Automatic;
				DEVELOPMENT_TEAM = 83DYP84L8W;
				INFOPLIST_FILE = "Pursuit-Core-iOS-PhotoJournal-Assignment/Info.plist";
				LD_RUNPATH_SEARCH_PATHS = (
					"$(inherited)",
					"@executable_path/Frameworks",
				);
				PRODUCT_BUNDLE_IDENTIFIER = "org.pursuit.Pursuit-Core-iOS-PhotoJournal-Assignment";
				PRODUCT_NAME = "$(TARGET_NAME)";
				SWIFT_VERSION = 5.0;
				TARGETED_DEVICE_FAMILY = "1,2";
			};
			name = Release;
		};
/* End XCBuildConfiguration section */

/* Begin XCConfigurationList section */
		5224FE8A23DA462800A5EDFE /* Build configuration list for PBXProject "Pursuit-Core-iOS-PhotoJournal-Assignment" */ = {
			isa = XCConfigurationList;
			buildConfigurations = (
				5224FEA123DA462E00A5EDFE /* Debug */,
				5224FEA223DA462E00A5EDFE /* Release */,
			);
			defaultConfigurationIsVisible = 0;
			defaultConfigurationName = Release;
		};
		5224FEA323DA462E00A5EDFE /* Build configuration list for PBXNativeTarget "Pursuit-Core-iOS-PhotoJournal-Assignment" */ = {
			isa = XCConfigurationList;
			buildConfigurations = (
				5224FEA423DA462E00A5EDFE /* Debug */,
				5224FEA523DA462E00A5EDFE /* Release */,
			);
			defaultConfigurationIsVisible = 0;
			defaultConfigurationName = Release;
		};
/* End XCConfigurationList section */
	};
	rootObject = 5224FE8723DA462800A5EDFE /* Project object */;
}
